
Microsoft Visual Studio Solution File, Format Version 12.00
# Visual Studio Version 16
VisualStudioVersion = 16.0.30907.101
MinimumVisualStudioVersion = 10.0.40219.1
Project("{9A19103F-16F7-4668-BE54-9A1E7A4F7556}") = "Concurrency", "Concurrency\Concurrency.csproj", "{94D4BC6B-AEF0-4528-9387-C4A44B202024}"
EndProject
Project("{6EC3EE1D-3C4E-46DD-8F32-0CC8E7565705}") = "ConcurrencyFLib", "ConcurrencyFLib\ConcurrencyFLib.fsproj", "{9A03C4AD-A373-471B-AEA5-D65C48ADC5F8}"
EndProject
Project("{2150E333-8FDC-42A3-9474-1A3956D46DE8}") = "Solution Items", "Solution Items", "{2B27BEE7-76B5-4A29-9E2F-A5B18114F15D}"
	ProjectSection(SolutionItems) = preProject
		.gitignore = .gitignore
		README.md = README.md
	EndProjectSection
EndProject
Global
	GlobalSection(SolutionConfigurationPlatforms) = preSolution
		Debug|Any CPU = Debug|Any CPU
		Release|Any CPU = Release|Any CPU
	EndGlobalSection
	GlobalSection(ProjectConfigurationPlatforms) = postSolution
		{94D4BC6B-AEF0-4528-9387-C4A44B202024}.Debug|Any CPU.ActiveCfg = Debug|Any CPU
		{94D4BC6B-AEF0-4528-9387-C4A44B202024}.Debug|Any CPU.Build.0 = Debug|Any CPU
		{94D4BC6B-AEF0-4528-9387-C4A44B202024}.Release|Any CPU.ActiveCfg = Release|Any CPU
		{94D4BC6B-AEF0-4528-9387-C4A44B202024}.Release|Any CPU.Build.0 = Release|Any CPU
		{9A03C4AD-A373-471B-AEA5-D65C48ADC5F8}.Debug|Any CPU.ActiveCfg = Debug|Any CPU
		{9A03C4AD-A373-471B-AEA5-D65C48ADC5F8}.Debug|Any CPU.Build.0 = Debug|Any CPU
		{9A03C4AD-A373-471B-AEA5-D65C48ADC5F8}.Release|Any CPU.ActiveCfg = Release|Any CPU
		{9A03C4AD-A373-471B-AEA5-D65C48ADC5F8}.Release|Any CPU.Build.0 = Release|Any CPU
	EndGlobalSection
	GlobalSection(SolutionProperties) = preSolution
		HideSolutionNode = FALSE
	EndGlobalSection
	GlobalSection(ExtensibilityGlobals) = postSolution
		SolutionGuid = {333EAFAD-E945-456A-A86C-F49EEC621992}
	EndGlobalSection
EndGlobal
